
Microsoft Visual Studio Solution File, Format Version 12.00
# Visual Studio Version 16
VisualStudioVersion = 16.0.30907.101
MinimumVisualStudioVersion = 10.0.40219.1
Project("{FAE04EC0-301F-11D3-BF4B-00C04F79EFBC}") = "CreditInquiry", "CreditInquiry\CreditInquiry.csproj", "{34089DFB-D995-4FB4-BA80-5A0ACEFED6BE}"
EndProject
Global
	GlobalSection(SolutionConfigurationPlatforms) = preSolution
		Debug|Any CPU = Debug|Any CPU
		Release|Any CPU = Release|Any CPU
	EndGlobalSection
	GlobalSection(ProjectConfigurationPlatforms) = postSolution
		{34089DFB-D995-4FB4-BA80-5A0ACEFED6BE}.Debug|Any CPU.ActiveCfg = Debug|Any CPU
		{34089DFB-D995-4FB4-BA80-5A0ACEFED6BE}.Debug|Any CPU.Build.0 = Debug|Any CPU
		{34089DFB-D995-4FB4-BA80-5A0ACEFED6BE}.Release|Any CPU.ActiveCfg = Release|Any CPU
		{34089DFB-D995-4FB4-BA80-5A0ACEFED6BE}.Release|Any CPU.Build.0 = Release|Any CPU
	EndGlobalSection
	GlobalSection(SolutionProperties) = preSolution
		HideSolutionNode = FALSE
	EndGlobalSection
	GlobalSection(ExtensibilityGlobals) = postSolution
		SolutionGuid = {BAD36F54-D7AE-46F1-AC76-1A43E4DAA49C}
	EndGlobalSection
EndGlobal
