
Microsoft Visual Studio Solution File, Format Version 12.00
# Visual Studio Version 16
VisualStudioVersion = 16.0.30907.101
MinimumVisualStudioVersion = 10.0.40219.1
Project("{FAE04EC0-301F-11D3-BF4B-00C04F79EFBC}") = "LINQToFileDirectory", "LINQToFileDirectory\LINQToFileDirectory.csproj", "{A899BA3F-F711-43D3-9AA5-3986D1808DF5}"
EndProject
Global
	GlobalSection(SolutionConfigurationPlatforms) = preSolution
		Debug|Any CPU = Debug|Any CPU
		Release|Any CPU = Release|Any CPU
	EndGlobalSection
	GlobalSection(ProjectConfigurationPlatforms) = postSolution
		{A899BA3F-F711-43D3-9AA5-3986D1808DF5}.Debug|Any CPU.ActiveCfg = Debug|Any CPU
		{A899BA3F-F711-43D3-9AA5-3986D1808DF5}.Debug|Any CPU.Build.0 = Debug|Any CPU
		{A899BA3F-F711-43D3-9AA5-3986D1808DF5}.Release|Any CPU.ActiveCfg = Release|Any CPU
		{A899BA3F-F711-43D3-9AA5-3986D1808DF5}.Release|Any CPU.Build.0 = Release|Any CPU
	EndGlobalSection
	GlobalSection(SolutionProperties) = preSolution
		HideSolutionNode = FALSE
	EndGlobalSection
	GlobalSection(ExtensibilityGlobals) = postSolution
		SolutionGuid = {E7FFA9C7-9BDB-4B5D-96E0-44F16A57B486}
	EndGlobalSection
EndGlobal
