
Microsoft Visual Studio Solution File, Format Version 12.00
# Visual Studio Version 16
VisualStudioVersion = 16.0.30907.101
MinimumVisualStudioVersion = 10.0.40219.1
Project("{FAE04EC0-301F-11D3-BF4B-00C04F79EFBC}") = "ReadSequentialAccessFile", "ReadSequentialAccessFile\ReadSequentialAccessFile.csproj", "{F5EFA68F-89B3-4AB8-8FCA-B2D597D420CE}"
EndProject
Global
	GlobalSection(SolutionConfigurationPlatforms) = preSolution
		Debug|Any CPU = Debug|Any CPU
		Release|Any CPU = Release|Any CPU
	EndGlobalSection
	GlobalSection(ProjectConfigurationPlatforms) = postSolution
		{F5EFA68F-89B3-4AB8-8FCA-B2D597D420CE}.Debug|Any CPU.ActiveCfg = Debug|Any CPU
		{F5EFA68F-89B3-4AB8-8FCA-B2D597D420CE}.Debug|Any CPU.Build.0 = Debug|Any CPU
		{F5EFA68F-89B3-4AB8-8FCA-B2D597D420CE}.Release|Any CPU.ActiveCfg = Release|Any CPU
		{F5EFA68F-89B3-4AB8-8FCA-B2D597D420CE}.Release|Any CPU.Build.0 = Release|Any CPU
	EndGlobalSection
	GlobalSection(SolutionProperties) = preSolution
		HideSolutionNode = FALSE
	EndGlobalSection
	GlobalSection(ExtensibilityGlobals) = postSolution
		SolutionGuid = {81916F94-AFDB-42BA-9061-C3D661411E40}
	EndGlobalSection
EndGlobal
